
Microsoft Visual Studio Solution File, Format Version 12.00
# Visual Studio Version 17
VisualStudioVersion = 17.11.35312.102
MinimumVisualStudioVersion = 10.0.40219.1
Project("{8BC9CEB8-8B4A-11D0-8D11-00A0C91BC942}") = "IntelliTask", "IntelliTask.vcxproj", "{410453CB-78EF-4DA1-844C-5AF252950AAF}"
	ProjectSection(ProjectDependencies) = postProject
		{B404DF9B-63E6-4D23-8116-A0C28B9DA2A7} = {B404DF9B-63E6-4D23-8116-A0C28B9DA2A7}
	EndProjectSection
EndProject
Project("{54435603-DBB4-11D2-8724-00A0C9A8B90C}") = "Setup", "Setup\Setup.vdproj", "{57BE5266-2E35-40D1-9FCA-C46478E3369D}"
EndProject
Project("{8BC9CEB8-8B4A-11D0-8D11-00A0C91BC942}") = "genUp4win", "genUp4win\genUp4win.vcxproj", "{B404DF9B-63E6-4D23-8116-A0C28B9DA2A7}"
EndProject
Global
	GlobalSection(SolutionConfigurationPlatforms) = preSolution
		Debug|Win32 = Debug|Win32
		Debug|x64 = Debug|x64
		Release|Win32 = Release|Win32
		Release|x64 = Release|x64
	EndGlobalSection
	GlobalSection(ProjectConfigurationPlatforms) = postSolution
		{410453CB-78EF-4DA1-844C-5AF252950AAF}.Debug|Win32.ActiveCfg = Debug|Win32
		{410453CB-78EF-4DA1-844C-5AF252950AAF}.Debug|Win32.Build.0 = Debug|Win32
		{410453CB-78EF-4DA1-844C-5AF252950AAF}.Debug|x64.ActiveCfg = Debug|x64
		{410453CB-78EF-4DA1-844C-5AF252950AAF}.Debug|x64.Build.0 = Debug|x64
		{410453CB-78EF-4DA1-844C-5AF252950AAF}.Release|Win32.ActiveCfg = Release|Win32
		{410453CB-78EF-4DA1-844C-5AF252950AAF}.Release|Win32.Build.0 = Release|Win32
		{410453CB-78EF-4DA1-844C-5AF252950AAF}.Release|x64.ActiveCfg = Release|x64
		{410453CB-78EF-4DA1-844C-5AF252950AAF}.Release|x64.Build.0 = Release|x64
		{57BE5266-2E35-40D1-9FCA-C46478E3369D}.Debug|Win32.ActiveCfg = Debug
		{57BE5266-2E35-40D1-9FCA-C46478E3369D}.Debug|x64.ActiveCfg = Debug
		{57BE5266-2E35-40D1-9FCA-C46478E3369D}.Debug|x64.Build.0 = Debug
		{57BE5266-2E35-40D1-9FCA-C46478E3369D}.Release|Win32.ActiveCfg = Release
		{57BE5266-2E35-40D1-9FCA-C46478E3369D}.Release|x64.ActiveCfg = Release
		{57BE5266-2E35-40D1-9FCA-C46478E3369D}.Release|x64.Build.0 = Release
		{B404DF9B-63E6-4D23-8116-A0C28B9DA2A7}.Debug|Win32.ActiveCfg = Debug|Win32
		{B404DF9B-63E6-4D23-8116-A0C28B9DA2A7}.Debug|Win32.Build.0 = Debug|Win32
		{B404DF9B-63E6-4D23-8116-A0C28B9DA2A7}.Debug|x64.ActiveCfg = Debug|x64
		{B404DF9B-63E6-4D23-8116-A0C28B9DA2A7}.Debug|x64.Build.0 = Debug|x64
		{B404DF9B-63E6-4D23-8116-A0C28B9DA2A7}.Release|Win32.ActiveCfg = Release|Win32
		{B404DF9B-63E6-4D23-8116-A0C28B9DA2A7}.Release|Win32.Build.0 = Release|Win32
		{B404DF9B-63E6-4D23-8116-A0C28B9DA2A7}.Release|x64.ActiveCfg = Release|x64
		{B404DF9B-63E6-4D23-8116-A0C28B9DA2A7}.Release|x64.Build.0 = Release|x64
	EndGlobalSection
	GlobalSection(SolutionProperties) = preSolution
		HideSolutionNode = FALSE
	EndGlobalSection
EndGlobal
